// !$*UTF8*$!
{
	archiveVersion = 1;
	classes = {
	};
	objectVersion = 50;
	objects = {

/* Begin PBXBuildFile section */
		C273304C26A728A0001D2020 /* AppDelegate.swift in Sources */ = {isa = PBXBuildFile; fileRef = C273304B26A728A0001D2020 /* AppDelegate.swift */; };
		C273304E26A728A0001D2020 /* SceneDelegate.swift in Sources */ = {isa = PBXBuildFile; fileRef = C273304D26A728A0001D2020 /* SceneDelegate.swift */; };
		C273305026A728A0001D2020 /* ViewController.swift in Sources */ = {isa = PBXBuildFile; fileRef = C273304F26A728A0001D2020 /* ViewController.swift */; };
		C273305326A728A0001D2020 /* Main.storyboard in Resources */ = {isa = PBXBuildFile; fileRef = C273305126A728A0001D2020 /* Main.storyboard */; };
		C273305526A728A3001D2020 /* Assets.xcassets in Resources */ = {isa = PBXBuildFile; fileRef = C273305426A728A3001D2020 /* Assets.xcassets */; };
		C273305826A728A3001D2020 /* LaunchScreen.storyboard in Resources */ = {isa = PBXBuildFile; fileRef = C273305626A728A3001D2020 /* LaunchScreen.storyboard */; };
		C273306326A728A3001D2020 /* NutritionTrackerTests.swift in Sources */ = {isa = PBXBuildFile; fileRef = C273306226A728A3001D2020 /* NutritionTrackerTests.swift */; };
		C273306E26A728A3001D2020 /* NutritionTrackerUITests.swift in Sources */ = {isa = PBXBuildFile; fileRef = C273306D26A728A3001D2020 /* NutritionTrackerUITests.swift */; };
		C27330FC26A780D5001D2020 /* DailyViewController.swift in Sources */ = {isa = PBXBuildFile; fileRef = C27330FB26A780D5001D2020 /* DailyViewController.swift */; };
		C27330FE26A780E1001D2020 /* SummaryViewController.swift in Sources */ = {isa = PBXBuildFile; fileRef = C27330FD26A780E1001D2020 /* SummaryViewController.swift */; };
		C273310026A780EE001D2020 /* GoalsViewController.swift in Sources */ = {isa = PBXBuildFile; fileRef = C27330FF26A780EE001D2020 /* GoalsViewController.swift */; };
		C273310226A78106001D2020 /* SettingsTableViewController.swift in Sources */ = {isa = PBXBuildFile; fileRef = C273310126A78106001D2020 /* SettingsTableViewController.swift */; };
/* End PBXBuildFile section */

/* Begin PBXContainerItemProxy section */
		C273305F26A728A3001D2020 /* PBXContainerItemProxy */ = {
			isa = PBXContainerItemProxy;
			containerPortal = C273304026A728A0001D2020 /* Project object */;
			proxyType = 1;
			remoteGlobalIDString = C273304726A728A0001D2020;
			remoteInfo = NutritionTracker;
		};
		C273306A26A728A3001D2020 /* PBXContainerItemProxy */ = {
			isa = PBXContainerItemProxy;
			containerPortal = C273304026A728A0001D2020 /* Project object */;
			proxyType = 1;
			remoteGlobalIDString = C273304726A728A0001D2020;
			remoteInfo = NutritionTracker;
		};
/* End PBXContainerItemProxy section */

/* Begin PBXFileReference section */
		C273304826A728A0001D2020 /* NutritionTracker.app */ = {isa = PBXFileReference; explicitFileType = wrapper.application; includeInIndex = 0; path = NutritionTracker.app; sourceTree = BUILT_PRODUCTS_DIR; };
		C273304B26A728A0001D2020 /* AppDelegate.swift */ = {isa = PBXFileReference; lastKnownFileType = sourcecode.swift; path = AppDelegate.swift; sourceTree = "<group>"; };
		C273304D26A728A0001D2020 /* SceneDelegate.swift */ = {isa = PBXFileReference; lastKnownFileType = sourcecode.swift; path = SceneDelegate.swift; sourceTree = "<group>"; };
		C273304F26A728A0001D2020 /* ViewController.swift */ = {isa = PBXFileReference; lastKnownFileType = sourcecode.swift; path = ViewController.swift; sourceTree = "<group>"; };
		C273305226A728A0001D2020 /* Base */ = {isa = PBXFileReference; lastKnownFileType = file.storyboard; name = Base; path = Base.lproj/Main.storyboard; sourceTree = "<group>"; };
		C273305426A728A3001D2020 /* Assets.xcassets */ = {isa = PBXFileReference; lastKnownFileType = folder.assetcatalog; path = Assets.xcassets; sourceTree = "<group>"; };
		C273305726A728A3001D2020 /* Base */ = {isa = PBXFileReference; lastKnownFileType = file.storyboard; name = Base; path = Base.lproj/LaunchScreen.storyboard; sourceTree = "<group>"; };
		C273305926A728A3001D2020 /* Info.plist */ = {isa = PBXFileReference; lastKnownFileType = text.plist.xml; path = Info.plist; sourceTree = "<group>"; };
		C273305E26A728A3001D2020 /* NutritionTrackerTests.xctest */ = {isa = PBXFileReference; explicitFileType = wrapper.cfbundle; includeInIndex = 0; path = NutritionTrackerTests.xctest; sourceTree = BUILT_PRODUCTS_DIR; };
		C273306226A728A3001D2020 /* NutritionTrackerTests.swift */ = {isa = PBXFileReference; lastKnownFileType = sourcecode.swift; path = NutritionTrackerTests.swift; sourceTree = "<group>"; };
		C273306426A728A3001D2020 /* Info.plist */ = {isa = PBXFileReference; lastKnownFileType = text.plist.xml; path = Info.plist; sourceTree = "<group>"; };
		C273306926A728A3001D2020 /* NutritionTrackerUITests.xctest */ = {isa = PBXFileReference; explicitFileType = wrapper.cfbundle; includeInIndex = 0; path = NutritionTrackerUITests.xctest; sourceTree = BUILT_PRODUCTS_DIR; };
		C273306D26A728A3001D2020 /* NutritionTrackerUITests.swift */ = {isa = PBXFileReference; lastKnownFileType = sourcecode.swift; path = NutritionTrackerUITests.swift; sourceTree = "<group>"; };
		C273306F26A728A3001D2020 /* Info.plist */ = {isa = PBXFileReference; lastKnownFileType = text.plist.xml; path = Info.plist; sourceTree = "<group>"; };
		C27330FB26A780D5001D2020 /* DailyViewController.swift */ = {isa = PBXFileReference; lastKnownFileType = sourcecode.swift; path = DailyViewController.swift; sourceTree = "<group>"; };
		C27330FD26A780E1001D2020 /* SummaryViewController.swift */ = {isa = PBXFileReference; lastKnownFileType = sourcecode.swift; path = SummaryViewController.swift; sourceTree = "<group>"; };
		C27330FF26A780EE001D2020 /* GoalsViewController.swift */ = {isa = PBXFileReference; lastKnownFileType = sourcecode.swift; path = GoalsViewController.swift; sourceTree = "<group>"; };
		C273310126A78106001D2020 /* SettingsTableViewController.swift */ = {isa = PBXFileReference; lastKnownFileType = sourcecode.swift; path = SettingsTableViewController.swift; sourceTree = "<group>"; };
/* End PBXFileReference section */

/* Begin PBXFrameworksBuildPhase section */
		C273304526A728A0001D2020 /* Frameworks */ = {
			isa = PBXFrameworksBuildPhase;
			buildActionMask = 2147483647;
			files = (
			);
			runOnlyForDeploymentPostprocessing = 0;
		};
		C273305B26A728A3001D2020 /* Frameworks */ = {
			isa = PBXFrameworksBuildPhase;
			buildActionMask = 2147483647;
			files = (
			);
			runOnlyForDeploymentPostprocessing = 0;
		};
		C273306626A728A3001D2020 /* Frameworks */ = {
			isa = PBXFrameworksBuildPhase;
			buildActionMask = 2147483647;
			files = (
			);
			runOnlyForDeploymentPostprocessing = 0;
		};
/* End PBXFrameworksBuildPhase section */

/* Begin PBXGroup section */
		C273303F26A728A0001D2020 = {
			isa = PBXGroup;
			children = (
				C273304A26A728A0001D2020 /* NutritionTracker */,
				C273306126A728A3001D2020 /* NutritionTrackerTests */,
				C273306C26A728A3001D2020 /* NutritionTrackerUITests */,
				C273304926A728A0001D2020 /* Products */,
			);
			sourceTree = "<group>";
		};
		C273304926A728A0001D2020 /* Products */ = {
			isa = PBXGroup;
			children = (
				C273304826A728A0001D2020 /* NutritionTracker.app */,
				C273305E26A728A3001D2020 /* NutritionTrackerTests.xctest */,
				C273306926A728A3001D2020 /* NutritionTrackerUITests.xctest */,
			);
			name = Products;
			sourceTree = "<group>";
		};
		C273304A26A728A0001D2020 /* NutritionTracker */ = {
			isa = PBXGroup;
			children = (
				C273304B26A728A0001D2020 /* AppDelegate.swift */,
				C273304D26A728A0001D2020 /* SceneDelegate.swift */,
				C273304F26A728A0001D2020 /* ViewController.swift */,
				C27330FB26A780D5001D2020 /* DailyViewController.swift */,
				C27330FD26A780E1001D2020 /* SummaryViewController.swift */,
				C27330FF26A780EE001D2020 /* GoalsViewController.swift */,
				C273310126A78106001D2020 /* SettingsTableViewController.swift */,
				C273305126A728A0001D2020 /* Main.storyboard */,
				C273305426A728A3001D2020 /* Assets.xcassets */,
				C273305626A728A3001D2020 /* LaunchScreen.storyboard */,
				C273305926A728A3001D2020 /* Info.plist */,
			);
			path = NutritionTracker;
			sourceTree = "<group>";
		};
		C273306126A728A3001D2020 /* NutritionTrackerTests */ = {
			isa = PBXGroup;
			children = (
				C273306226A728A3001D2020 /* NutritionTrackerTests.swift */,
				C273306426A728A3001D2020 /* Info.plist */,
			);
			path = NutritionTrackerTests;
			sourceTree = "<group>";
		};
		C273306C26A728A3001D2020 /* NutritionTrackerUITests */ = {
			isa = PBXGroup;
			children = (
				C273306D26A728A3001D2020 /* NutritionTrackerUITests.swift */,
				C273306F26A728A3001D2020 /* Info.plist */,
			);
			path = NutritionTrackerUITests;
			sourceTree = "<group>";
		};
/* End PBXGroup section */

/* Begin PBXNativeTarget section */
		C273304726A728A0001D2020 /* NutritionTracker */ = {
			isa = PBXNativeTarget;
			buildConfigurationList = C273307226A728A3001D2020 /* Build configuration list for PBXNativeTarget "NutritionTracker" */;
			buildPhases = (
				C273304426A728A0001D2020 /* Sources */,
				C273304526A728A0001D2020 /* Frameworks */,
				C273304626A728A0001D2020 /* Resources */,
			);
			buildRules = (
			);
			dependencies = (
			);
			name = NutritionTracker;
			productName = NutritionTracker;
			productReference = C273304826A728A0001D2020 /* NutritionTracker.app */;
			productType = "com.apple.product-type.application";
		};
		C273305D26A728A3001D2020 /* NutritionTrackerTests */ = {
			isa = PBXNativeTarget;
			buildConfigurationList = C273307526A728A3001D2020 /* Build configuration list for PBXNativeTarget "NutritionTrackerTests" */;
			buildPhases = (
				C273305A26A728A3001D2020 /* Sources */,
				C273305B26A728A3001D2020 /* Frameworks */,
				C273305C26A728A3001D2020 /* Resources */,
			);
			buildRules = (
			);
			dependencies = (
				C273306026A728A3001D2020 /* PBXTargetDependency */,
			);
			name = NutritionTrackerTests;
			productName = NutritionTrackerTests;
			productReference = C273305E26A728A3001D2020 /* NutritionTrackerTests.xctest */;
			productType = "com.apple.product-type.bundle.unit-test";
		};
		C273306826A728A3001D2020 /* NutritionTrackerUITests */ = {
			isa = PBXNativeTarget;
			buildConfigurationList = C273307826A728A3001D2020 /* Build configuration list for PBXNativeTarget "NutritionTrackerUITests" */;
			buildPhases = (
				C273306526A728A3001D2020 /* Sources */,
				C273306626A728A3001D2020 /* Frameworks */,
				C273306726A728A3001D2020 /* Resources */,
			);
			buildRules = (
			);
			dependencies = (
				C273306B26A728A3001D2020 /* PBXTargetDependency */,
			);
			name = NutritionTrackerUITests;
			productName = NutritionTrackerUITests;
			productReference = C273306926A728A3001D2020 /* NutritionTrackerUITests.xctest */;
			productType = "com.apple.product-type.bundle.ui-testing";
		};
/* End PBXNativeTarget section */

/* Begin PBXProject section */
		C273304026A728A0001D2020 /* Project object */ = {
			isa = PBXProject;
			attributes = {
				LastSwiftUpdateCheck = 1250;
				LastUpgradeCheck = 1250;
				TargetAttributes = {
					C273304726A728A0001D2020 = {
						CreatedOnToolsVersion = 12.5.1;
					};
					C273305D26A728A3001D2020 = {
						CreatedOnToolsVersion = 12.5.1;
						TestTargetID = C273304726A728A0001D2020;
					};
					C273306826A728A3001D2020 = {
						CreatedOnToolsVersion = 12.5.1;
						TestTargetID = C273304726A728A0001D2020;
					};
				};
			};
			buildConfigurationList = C273304326A728A0001D2020 /* Build configuration list for PBXProject "NutritionTracker" */;
			compatibilityVersion = "Xcode 9.3";
			developmentRegion = en;
			hasScannedForEncodings = 0;
			knownRegions = (
				en,
				Base,
			);
			mainGroup = C273303F26A728A0001D2020;
			productRefGroup = C273304926A728A0001D2020 /* Products */;
			projectDirPath = "";
			projectRoot = "";
			targets = (
				C273304726A728A0001D2020 /* NutritionTracker */,
				C273305D26A728A3001D2020 /* NutritionTrackerTests */,
				C273306826A728A3001D2020 /* NutritionTrackerUITests */,
			);
		};
/* End PBXProject section */

/* Begin PBXResourcesBuildPhase section */
		C273304626A728A0001D2020 /* Resources */ = {
			isa = PBXResourcesBuildPhase;
			buildActionMask = 2147483647;
			files = (
				C273305826A728A3001D2020 /* LaunchScreen.storyboard in Resources */,
				C273305526A728A3001D2020 /* Assets.xcassets in Resources */,
				C273305326A728A0001D2020 /* Main.storyboard in Resources */,
			);
			runOnlyForDeploymentPostprocessing = 0;
		};
		C273305C26A728A3001D2020 /* Resources */ = {
			isa = PBXResourcesBuildPhase;
			buildActionMask = 2147483647;
			files = (
			);
			runOnlyForDeploymentPostprocessing = 0;
		};
		C273306726A728A3001D2020 /* Resources */ = {
			isa = PBXResourcesBuildPhase;
			buildActionMask = 2147483647;
			files = (
			);
			runOnlyForDeploymentPostprocessing = 0;
		};
/* End PBXResourcesBuildPhase section */

/* Begin PBXSourcesBuildPhase section */
		C273304426A728A0001D2020 /* Sources */ = {
			isa = PBXSourcesBuildPhase;
			buildActionMask = 2147483647;
			files = (
				C273305026A728A0001D2020 /* ViewController.swift in Sources */,
				C273304C26A728A0001D2020 /* AppDelegate.swift in Sources */,
				C27330FC26A780D5001D2020 /* DailyViewController.swift in Sources */,
				C273304E26A728A0001D2020 /* SceneDelegate.swift in Sources */,
				C27330FE26A780E1001D2020 /* SummaryViewController.swift in Sources */,
				C273310026A780EE001D2020 /* GoalsViewController.swift in Sources */,
				C273310226A78106001D2020 /* SettingsTableViewController.swift in Sources */,
			);
			runOnlyForDeploymentPostprocessing = 0;
		};
		C273305A26A728A3001D2020 /* Sources */ = {
			isa = PBXSourcesBuildPhase;
			buildActionMask = 2147483647;
			files = (
				C273306326A728A3001D2020 /* NutritionTrackerTests.swift in Sources */,
			);
			runOnlyForDeploymentPostprocessing = 0;
		};
		C273306526A728A3001D2020 /* Sources */ = {
			isa = PBXSourcesBuildPhase;
			buildActionMask = 2147483647;
			files = (
				C273306E26A728A3001D2020 /* NutritionTrackerUITests.swift in Sources */,
			);
			runOnlyForDeploymentPostprocessing = 0;
		};
/* End PBXSourcesBuildPhase section */

/* Begin PBXTargetDependency section */
		C273306026A728A3001D2020 /* PBXTargetDependency */ = {
			isa = PBXTargetDependency;
			target = C273304726A728A0001D2020 /* NutritionTracker */;
			targetProxy = C273305F26A728A3001D2020 /* PBXContainerItemProxy */;
		};
		C273306B26A728A3001D2020 /* PBXTargetDependency */ = {
			isa = PBXTargetDependency;
			target = C273304726A728A0001D2020 /* NutritionTracker */;
			targetProxy = C273306A26A728A3001D2020 /* PBXContainerItemProxy */;
		};
/* End PBXTargetDependency section */

/* Begin PBXVariantGroup section */
		C273305126A728A0001D2020 /* Main.storyboard */ = {
			isa = PBXVariantGroup;
			children = (
				C273305226A728A0001D2020 /* Base */,
			);
			name = Main.storyboard;
			sourceTree = "<group>";
		};
		C273305626A728A3001D2020 /* LaunchScreen.storyboard */ = {
			isa = PBXVariantGroup;
			children = (
				C273305726A728A3001D2020 /* Base */,
			);
			name = LaunchScreen.storyboard;
			sourceTree = "<group>";
		};
/* End PBXVariantGroup section */

/* Begin XCBuildConfiguration section */
		C273307026A728A3001D2020 /* Debug */ = {
			isa = XCBuildConfiguration;
			buildSettings = {
				ALWAYS_SEARCH_USER_PATHS = NO;
				CLANG_ANALYZER_NONNULL = YES;
				CLANG_ANALYZER_NUMBER_OBJECT_CONVERSION = YES_AGGRESSIVE;
				CLANG_CXX_LANGUAGE_STANDARD = "gnu++14";
				CLANG_CXX_LIBRARY = "libc++";
				CLANG_ENABLE_MODULES = YES;
				CLANG_ENABLE_OBJC_ARC = YES;
				CLANG_ENABLE_OBJC_WEAK = YES;
				CLANG_WARN_BLOCK_CAPTURE_AUTORELEASING = YES;
				CLANG_WARN_BOOL_CONVERSION = YES;
				CLANG_WARN_COMMA = YES;
				CLANG_WARN_CONSTANT_CONVERSION = YES;
				CLANG_WARN_DEPRECATED_OBJC_IMPLEMENTATIONS = YES;
				CLANG_WARN_DIRECT_OBJC_ISA_USAGE = YES_ERROR;
				CLANG_WARN_DOCUMENTATION_COMMENTS = YES;
				CLANG_WARN_EMPTY_BODY = YES;
				CLANG_WARN_ENUM_CONVERSION = YES;
				CLANG_WARN_INFINITE_RECURSION = YES;
				CLANG_WARN_INT_CONVERSION = YES;
				CLANG_WARN_NON_LITERAL_NULL_CONVERSION = YES;
				CLANG_WARN_OBJC_IMPLICIT_RETAIN_SELF = YES;
				CLANG_WARN_OBJC_LITERAL_CONVERSION = YES;
				CLANG_WARN_OBJC_ROOT_CLASS = YES_ERROR;
				CLANG_WARN_QUOTED_INCLUDE_IN_FRAMEWORK_HEADER = YES;
				CLANG_WARN_RANGE_LOOP_ANALYSIS = YES;
				CLANG_WARN_STRICT_PROTOTYPES = YES;
				CLANG_WARN_SUSPICIOUS_MOVE = YES;
				CLANG_WARN_UNGUARDED_AVAILABILITY = YES_AGGRESSIVE;
				CLANG_WARN_UNREACHABLE_CODE = YES;
				CLANG_WARN__DUPLICATE_METHOD_MATCH = YES;
				COPY_PHASE_STRIP = NO;
				DEBUG_INFORMATION_FORMAT = dwarf;
				ENABLE_STRICT_OBJC_MSGSEND = YES;
				ENABLE_TESTABILITY = YES;
				GCC_C_LANGUAGE_STANDARD = gnu11;
				GCC_DYNAMIC_NO_PIC = NO;
				GCC_NO_COMMON_BLOCKS = YES;
				GCC_OPTIMIZATION_LEVEL = 0;
				GCC_PREPROCESSOR_DEFINITIONS = (
					"DEBUG=1",
					"$(inherited)",
				);
				GCC_WARN_64_TO_32_BIT_CONVERSION = YES;
				GCC_WARN_ABOUT_RETURN_TYPE = YES_ERROR;
				GCC_WARN_UNDECLARED_SELECTOR = YES;
				GCC_WARN_UNINITIALIZED_AUTOS = YES_AGGRESSIVE;
				GCC_WARN_UNUSED_FUNCTION = YES;
				GCC_WARN_UNUSED_VARIABLE = YES;
				IPHONEOS_DEPLOYMENT_TARGET = 14.5;
				MTL_ENABLE_DEBUG_INFO = INCLUDE_SOURCE;
				MTL_FAST_MATH = YES;
				ONLY_ACTIVE_ARCH = YES;
				SDKROOT = iphoneos;
				SWIFT_ACTIVE_COMPILATION_CONDITIONS = DEBUG;
				SWIFT_OPTIMIZATION_LEVEL = "-Onone";
			};
			name = Debug;
		};
		C273307126A728A3001D2020 /* Release */ = {
			isa = XCBuildConfiguration;
			buildSettings = {
				ALWAYS_SEARCH_USER_PATHS = NO;
				CLANG_ANALYZER_NONNULL = YES;
				CLANG_ANALYZER_NUMBER_OBJECT_CONVERSION = YES_AGGRESSIVE;
				CLANG_CXX_LANGUAGE_STANDARD = "gnu++14";
				CLANG_CXX_LIBRARY = "libc++";
				CLANG_ENABLE_MODULES = YES;
				CLANG_ENABLE_OBJC_ARC = YES;
				CLANG_ENABLE_OBJC_WEAK = YES;
				CLANG_WARN_BLOCK_CAPTURE_AUTORELEASING = YES;
				CLANG_WARN_BOOL_CONVERSION = YES;
				CLANG_WARN_COMMA = YES;
				CLANG_WARN_CONSTANT_CONVERSION = YES;
				CLANG_WARN_DEPRECATED_OBJC_IMPLEMENTATIONS = YES;
				CLANG_WARN_DIRECT_OBJC_ISA_USAGE = YES_ERROR;
				CLANG_WARN_DOCUMENTATION_COMMENTS = YES;
				CLANG_WARN_EMPTY_BODY = YES;
				CLANG_WARN_ENUM_CONVERSION = YES;
				CLANG_WARN_INFINITE_RECURSION = YES;
				CLANG_WARN_INT_CONVERSION = YES;
				CLANG_WARN_NON_LITERAL_NULL_CONVERSION = YES;
				CLANG_WARN_OBJC_IMPLICIT_RETAIN_SELF = YES;
				CLANG_WARN_OBJC_LITERAL_CONVERSION = YES;
				CLANG_WARN_OBJC_ROOT_CLASS = YES_ERROR;
				CLANG_WARN_QUOTED_INCLUDE_IN_FRAMEWORK_HEADER = YES;
				CLANG_WARN_RANGE_LOOP_ANALYSIS = YES;
				CLANG_WARN_STRICT_PROTOTYPES = YES;
				CLANG_WARN_SUSPICIOUS_MOVE = YES;
				CLANG_WARN_UNGUARDED_AVAILABILITY = YES_AGGRESSIVE;
				CLANG_WARN_UNREACHABLE_CODE = YES;
				CLANG_WARN__DUPLICATE_METHOD_MATCH = YES;
				COPY_PHASE_STRIP = NO;
				DEBUG_INFORMATION_FORMAT = "dwarf-with-dsym";
				ENABLE_NS_ASSERTIONS = NO;
				ENABLE_STRICT_OBJC_MSGSEND = YES;
				GCC_C_LANGUAGE_STANDARD = gnu11;
				GCC_NO_COMMON_BLOCKS = YES;
				GCC_WARN_64_TO_32_BIT_CONVERSION = YES;
				GCC_WARN_ABOUT_RETURN_TYPE = YES_ERROR;
				GCC_WARN_UNDECLARED_SELECTOR = YES;
				GCC_WARN_UNINITIALIZED_AUTOS = YES_AGGRESSIVE;
				GCC_WARN_UNUSED_FUNCTION = YES;
				GCC_WARN_UNUSED_VARIABLE = YES;
				IPHONEOS_DEPLOYMENT_TARGET = 14.5;
				MTL_ENABLE_DEBUG_INFO = NO;
				MTL_FAST_MATH = YES;
				SDKROOT = iphoneos;
				SWIFT_COMPILATION_MODE = wholemodule;
				SWIFT_OPTIMIZATION_LEVEL = "-O";
				VALIDATE_PRODUCT = YES;
			};
			name = Release;
		};
		C273307326A728A3001D2020 /* Debug */ = {
			isa = XCBuildConfiguration;
			buildSettings = {
				ASSETCATALOG_COMPILER_APPICON_NAME = AppIcon;
				ASSETCATALOG_COMPILER_GLOBAL_ACCENT_COLOR_NAME = AccentColor;
				CODE_SIGN_STYLE = Automatic;
				DEVELOPMENT_TEAM = HBNX7GQE7K;
				INFOPLIST_FILE = NutritionTracker/Info.plist;
				LD_RUNPATH_SEARCH_PATHS = (
					"$(inherited)",
					"@executable_path/Frameworks",
				);
				PRODUCT_BUNDLE_IDENTIFIER = com.Matt.NutritionTracker;
				PRODUCT_NAME = "$(TARGET_NAME)";
				SWIFT_VERSION = 5.0;
				TARGETED_DEVICE_FAMILY = "1,2";
			};
			name = Debug;
		};
		C273307426A728A3001D2020 /* Release */ = {
			isa = XCBuildConfiguration;
			buildSettings = {
				ASSETCATALOG_COMPILER_APPICON_NAME = AppIcon;
				ASSETCATALOG_COMPILER_GLOBAL_ACCENT_COLOR_NAME = AccentColor;
				CODE_SIGN_STYLE = Automatic;
				DEVELOPMENT_TEAM = HBNX7GQE7K;
				INFOPLIST_FILE = NutritionTracker/Info.plist;
				LD_RUNPATH_SEARCH_PATHS = (
					"$(inherited)",
					"@executable_path/Frameworks",
				);
				PRODUCT_BUNDLE_IDENTIFIER = com.Matt.NutritionTracker;
				PRODUCT_NAME = "$(TARGET_NAME)";
				SWIFT_VERSION = 5.0;
				TARGETED_DEVICE_FAMILY = "1,2";
			};
			name = Release;
		};
		C273307626A728A3001D2020 /* Debug */ = {
			isa = XCBuildConfiguration;
			buildSettings = {
				ALWAYS_EMBED_SWIFT_STANDARD_LIBRARIES = YES;
				BUNDLE_LOADER = "$(TEST_HOST)";
				CODE_SIGN_STYLE = Automatic;
				DEVELOPMENT_TEAM = HBNX7GQE7K;
				INFOPLIST_FILE = NutritionTrackerTests/Info.plist;
				IPHONEOS_DEPLOYMENT_TARGET = 14.5;
				LD_RUNPATH_SEARCH_PATHS = (
					"$(inherited)",
					"@executable_path/Frameworks",
					"@loader_path/Frameworks",
				);
				PRODUCT_BUNDLE_IDENTIFIER = com.Matt.NutritionTrackerTests;
				PRODUCT_NAME = "$(TARGET_NAME)";
				SWIFT_VERSION = 5.0;
				TARGETED_DEVICE_FAMILY = "1,2";
				TEST_HOST = "$(BUILT_PRODUCTS_DIR)/NutritionTracker.app/NutritionTracker";
			};
			name = Debug;
		};
		C273307726A728A3001D2020 /* Release */ = {
			isa = XCBuildConfiguration;
			buildSettings = {
				ALWAYS_EMBED_SWIFT_STANDARD_LIBRARIES = YES;
				BUNDLE_LOADER = "$(TEST_HOST)";
				CODE_SIGN_STYLE = Automatic;
				DEVELOPMENT_TEAM = HBNX7GQE7K;
				INFOPLIST_FILE = NutritionTrackerTests/Info.plist;
				IPHONEOS_DEPLOYMENT_TARGET = 14.5;
				LD_RUNPATH_SEARCH_PATHS = (
					"$(inherited)",
					"@executable_path/Frameworks",
					"@loader_path/Frameworks",
				);
				PRODUCT_BUNDLE_IDENTIFIER = com.Matt.NutritionTrackerTests;
				PRODUCT_NAME = "$(TARGET_NAME)";
				SWIFT_VERSION = 5.0;
				TARGETED_DEVICE_FAMILY = "1,2";
				TEST_HOST = "$(BUILT_PRODUCTS_DIR)/NutritionTracker.app/NutritionTracker";
			};
			name = Release;
		};
		C273307926A728A3001D2020 /* Debug */ = {
			isa = XCBuildConfiguration;
			buildSettings = {
				ALWAYS_EMBED_SWIFT_STANDARD_LIBRARIES = YES;
				CODE_SIGN_STYLE = Automatic;
				DEVELOPMENT_TEAM = HBNX7GQE7K;
				INFOPLIST_FILE = NutritionTrackerUITests/Info.plist;
				LD_RUNPATH_SEARCH_PATHS = (
					"$(inherited)",
					"@executable_path/Frameworks",
					"@loader_path/Frameworks",
				);
				PRODUCT_BUNDLE_IDENTIFIER = com.Matt.NutritionTrackerUITests;
				PRODUCT_NAME = "$(TARGET_NAME)";
				SWIFT_VERSION = 5.0;
				TARGETED_DEVICE_FAMILY = "1,2";
				TEST_TARGET_NAME = NutritionTracker;
			};
			name = Debug;
		};
		C273307A26A728A3001D2020 /* Release */ = {
			isa = XCBuildConfiguration;
			buildSettings = {
				ALWAYS_EMBED_SWIFT_STANDARD_LIBRARIES = YES;
				CODE_SIGN_STYLE = Automatic;
				DEVELOPMENT_TEAM = HBNX7GQE7K;
				INFOPLIST_FILE = NutritionTrackerUITests/Info.plist;
				LD_RUNPATH_SEARCH_PATHS = (
					"$(inherited)",
					"@executable_path/Frameworks",
					"@loader_path/Frameworks",
				);
				PRODUCT_BUNDLE_IDENTIFIER = com.Matt.NutritionTrackerUITests;
				PRODUCT_NAME = "$(TARGET_NAME)";
				SWIFT_VERSION = 5.0;
				TARGETED_DEVICE_FAMILY = "1,2";
				TEST_TARGET_NAME = NutritionTracker;
			};
			name = Release;
		};
/* End XCBuildConfiguration section */

/* Begin XCConfigurationList section */
		C273304326A728A0001D2020 /* Build configuration list for PBXProject "NutritionTracker" */ = {
			isa = XCConfigurationList;
			buildConfigurations = (
				C273307026A728A3001D2020 /* Debug */,
				C273307126A728A3001D2020 /* Release */,
			);
			defaultConfigurationIsVisible = 0;
			defaultConfigurationName = Release;
		};
		C273307226A728A3001D2020 /* Build configuration list for PBXNativeTarget "NutritionTracker" */ = {
			isa = XCConfigurationList;
			buildConfigurations = (
				C273307326A728A3001D2020 /* Debug */,
				C273307426A728A3001D2020 /* Release */,
			);
			defaultConfigurationIsVisible = 0;
			defaultConfigurationName = Release;
		};
		C273307526A728A3001D2020 /* Build configuration list for PBXNativeTarget "NutritionTrackerTests" */ = {
			isa = XCConfigurationList;
			buildConfigurations = (
				C273307626A728A3001D2020 /* Debug */,
				C273307726A728A3001D2020 /* Release */,
			);
			defaultConfigurationIsVisible = 0;
			defaultConfigurationName = Release;
		};
		C273307826A728A3001D2020 /* Build configuration list for PBXNativeTarget "NutritionTrackerUITests" */ = {
			isa = XCConfigurationList;
			buildConfigurations = (
				C273307926A728A3001D2020 /* Debug */,
				C273307A26A728A3001D2020 /* Release */,
			);
			defaultConfigurationIsVisible = 0;
			defaultConfigurationName = Release;
		};
/* End XCConfigurationList section */
	};
	rootObject = C273304026A728A0001D2020 /* Project object */;
}
